
Microsoft Visual Studio Solution File, Format Version 12.00
# Visual Studio Version 17
VisualStudioVersion = 17.4.33213.308
MinimumVisualStudioVersion = 10.0.40219.1
Project("{FAE04EC0-301F-11D3-BF4B-00C04F79EFBC}") = "notepad1", "notepad1\notepad1.csproj", "{2454AFA5-5944-45C0-8F4D-3D7032219F97}"
EndProject
Global
	GlobalSection(SolutionConfigurationPlatforms) = preSolution
		Debug|Any CPU = Debug|Any CPU
		Release|Any CPU = Release|Any CPU
	EndGlobalSection
	GlobalSection(ProjectConfigurationPlatforms) = postSolution
		{2454AFA5-5944-45C0-8F4D-3D7032219F97}.Debug|Any CPU.ActiveCfg = Debug|Any CPU
		{2454AFA5-5944-45C0-8F4D-3D7032219F97}.Debug|Any CPU.Build.0 = Debug|Any CPU
		{2454AFA5-5944-45C0-8F4D-3D7032219F97}.Release|Any CPU.ActiveCfg = Release|Any CPU
		{2454AFA5-5944-45C0-8F4D-3D7032219F97}.Release|Any CPU.Build.0 = Release|Any CPU
	EndGlobalSection
	GlobalSection(SolutionProperties) = preSolution
		HideSolutionNode = FALSE
	EndGlobalSection
	GlobalSection(ExtensibilityGlobals) = postSolution
		SolutionGuid = {E5EEA794-C8EC-4E23-BEF3-A7D01B6DD442}
	EndGlobalSection
EndGlobal
